
Microsoft Visual Studio Solution File, Format Version 12.00
Project("{FAE04EC0-301F-11D3-BF4B-00C04F79EFBC}") = "HRBars.WebAPI", "HRBars.WebAPI\HRBars.WebAPI.csproj", "{AA965BC6-8BC1-42D0-8A2C-D6EF85C013C2}"
EndProject
Project("{FAE04EC0-301F-11D3-BF4B-00C04F79EFBC}") = "HRBars.Domain", "HRBars.Domain\HRBars.Domain.csproj", "{C80F467E-18DE-423D-B0B4-5B82E530801E}"
EndProject
Project("{FAE04EC0-301F-11D3-BF4B-00C04F79EFBC}") = "HRBars.Infrastructure", "HRBars.Infrastructure\HRBars.Infrastructure.csproj", "{B707D6BE-BA01-4CDE-80EA-329CD60DEF6A}"
EndProject
Project("{FAE04EC0-301F-11D3-BF4B-00C04F79EFBC}") = "HRBars.Application", "HRBars.Application\HRBars.Application.csproj", "{50C7DAA3-9D42-41F0-B0FB-CCCFB653FE16}"
EndProject
Global
	GlobalSection(SolutionConfigurationPlatforms) = preSolution
		Debug|Any CPU = Debug|Any CPU
		Release|Any CPU = Release|Any CPU
	EndGlobalSection
	GlobalSection(ProjectConfigurationPlatforms) = postSolution
		{AA965BC6-8BC1-42D0-8A2C-D6EF85C013C2}.Debug|Any CPU.ActiveCfg = Debug|Any CPU
		{AA965BC6-8BC1-42D0-8A2C-D6EF85C013C2}.Debug|Any CPU.Build.0 = Debug|Any CPU
		{AA965BC6-8BC1-42D0-8A2C-D6EF85C013C2}.Release|Any CPU.ActiveCfg = Release|Any CPU
		{AA965BC6-8BC1-42D0-8A2C-D6EF85C013C2}.Release|Any CPU.Build.0 = Release|Any CPU
		{C80F467E-18DE-423D-B0B4-5B82E530801E}.Debug|Any CPU.ActiveCfg = Debug|Any CPU
		{C80F467E-18DE-423D-B0B4-5B82E530801E}.Debug|Any CPU.Build.0 = Debug|Any CPU
		{C80F467E-18DE-423D-B0B4-5B82E530801E}.Release|Any CPU.ActiveCfg = Release|Any CPU
		{C80F467E-18DE-423D-B0B4-5B82E530801E}.Release|Any CPU.Build.0 = Release|Any CPU
		{B707D6BE-BA01-4CDE-80EA-329CD60DEF6A}.Debug|Any CPU.ActiveCfg = Debug|Any CPU
		{B707D6BE-BA01-4CDE-80EA-329CD60DEF6A}.Debug|Any CPU.Build.0 = Debug|Any CPU
		{B707D6BE-BA01-4CDE-80EA-329CD60DEF6A}.Release|Any CPU.ActiveCfg = Release|Any CPU
		{B707D6BE-BA01-4CDE-80EA-329CD60DEF6A}.Release|Any CPU.Build.0 = Release|Any CPU
		{50C7DAA3-9D42-41F0-B0FB-CCCFB653FE16}.Debug|Any CPU.ActiveCfg = Debug|Any CPU
		{50C7DAA3-9D42-41F0-B0FB-CCCFB653FE16}.Debug|Any CPU.Build.0 = Debug|Any CPU
		{50C7DAA3-9D42-41F0-B0FB-CCCFB653FE16}.Release|Any CPU.ActiveCfg = Release|Any CPU
		{50C7DAA3-9D42-41F0-B0FB-CCCFB653FE16}.Release|Any CPU.Build.0 = Release|Any CPU
	EndGlobalSection
EndGlobal
